
Microsoft Visual Studio Solution File, Format Version 12.00
# Visual Studio Version 17
VisualStudioVersion = 17.5.002.0
MinimumVisualStudioVersion = 10.0.40219.1
Project("{9A19103F-16F7-4668-BE54-9A1E7A4F7556}") = "ContosoPetsApp", "02_ContosoPetsApp\ContosoPetsApp.csproj", "{EA4865A9-7DC4-4A3B-A5F0-BEDAD31F8E76}"
EndProject
Project("{9A19103F-16F7-4668-BE54-9A1E7A4F7556}") = "04_PettingZooVisit", "04_PettingZooVisit\04_PettingZooVisit.csproj", "{B1AF0DF1-348C-4C79-B6FC-8E760F8F0865}"
EndProject
Project("{9A19103F-16F7-4668-BE54-9A1E7A4F7556}") = "01_StudentGrading", "01_StudentGrading\01_StudentGrading.csproj", "{1C402E06-F76C-41B4-A07B-3FF691B32217}"
EndProject
Project("{2150E333-8FDC-42A3-9474-1A3956D46DE8}") = "03_VariableDataMain", "03_VariableDataMain", "{C2F50B02-3044-49E5-9527-07915D547E85}"
EndProject
Project("{9A19103F-16F7-4668-BE54-9A1E7A4F7556}") = "Starter", "03_VariableDataMain\Starter\Starter.csproj", "{F2DC9688-A19B-4DE3-A96C-381DBE96EE88}"
EndProject
Project("{9A19103F-16F7-4668-BE54-9A1E7A4F7556}") = "Final", "03_VariableDataMain\Final\Final.csproj", "{6678A03D-B15A-4C79-A569-5DD87019A1AB}"
EndProject
Project("{2150E333-8FDC-42A3-9474-1A3956D46DE8}") = "02_ChallengeProject", "02_ChallengeProject", "{C38A1CE8-C6DB-48F6-AB5C-18E6B49D7788}"
EndProject
Project("{9A19103F-16F7-4668-BE54-9A1E7A4F7556}") = "Starter", "02_ChallengeProject\Starter\Starter.csproj", "{0DCA33E8-92DB-4DB9-A8D0-9B05FA861171}"
EndProject
Project("{9A19103F-16F7-4668-BE54-9A1E7A4F7556}") = "Final", "02_ChallengeProject\Final\Final.csproj", "{BB25C222-C853-4966-932C-40B29068EC28}"
EndProject
Project("{2150E333-8FDC-42A3-9474-1A3956D46DE8}") = "05_DebugChallengeProject", "05_DebugChallengeProject", "{769203C4-17BF-41B3-B412-32E0FC787C07}"
EndProject
Project("{9A19103F-16F7-4668-BE54-9A1E7A4F7556}") = "Starter", "05_DebugChallengeProject\Starter\Starter.csproj", "{E10BF0F2-1C57-4595-B502-596D99C74F9C}"
EndProject
Project("{9A19103F-16F7-4668-BE54-9A1E7A4F7556}") = "Final", "05_DebugChallengeProject\Final\Final.csproj", "{BF700FFE-D74E-46BF-A251-BCC868461C4D}"
EndProject
Project("{2150E333-8FDC-42A3-9474-1A3956D46DE8}") = "02_ContosoPetsApp", "02_ContosoPetsApp", "{B9005E14-8DAB-4889-A24F-72C5415C3E87}"
EndProject
Project("{9A19103F-16F7-4668-BE54-9A1E7A4F7556}") = "Starter", "02_ContosoPetsApp\Starter\Starter.csproj", "{73A692AB-BFA5-4BF0-9944-4AD2E1F3468B}"
EndProject
Project("{9A19103F-16F7-4668-BE54-9A1E7A4F7556}") = "Final", "02_ContosoPetsApp\Final\Final.csproj", "{153E9C45-EC60-44E5-8ABE-9C88975F110A}"
EndProject
Project("{2150E333-8FDC-42A3-9474-1A3956D46DE8}") = "CsharpProjects", "CsharpProjects", "{FF70FA9F-422C-47E5-9540-48AE6966F3C3}"
EndProject
Project("{9A19103F-16F7-4668-BE54-9A1E7A4F7556}") = "TestProject", "CsharpProjects\TestProject\TestProject.csproj", "{E09C9908-01AE-4680-9A52-4009CCB50D1F}"
EndProject
Project("{2150E333-8FDC-42A3-9474-1A3956D46DE8}") = "04_MiniGame_Challenge", "04_MiniGame_Challenge", "{BDF96857-C95A-4A93-914A-C64539E7ACA9}"
EndProject
Project("{9A19103F-16F7-4668-BE54-9A1E7A4F7556}") = "Starter", "04_MiniGame_Challenge\Starter\Starter.csproj", "{F0858605-8D27-4045-BB2E-35042487F932}"
EndProject
Project("{9A19103F-16F7-4668-BE54-9A1E7A4F7556}") = "Final", "04_MiniGame_Challenge\Final\Final.csproj", "{617F1E86-FED8-4704-B474-5669EB408203}"
EndProject
Project("{2150E333-8FDC-42A3-9474-1A3956D46DE8}") = "05_Debugging", "05_Debugging", "{EE890FAA-2195-484F-AEF8-B20DC3884BF3}"
EndProject
Project("{9A19103F-16F7-4668-BE54-9A1E7A4F7556}") = "Starter", "05_Debugging\Starter\Starter.csproj", "{DFA6C16B-C611-405A-9168-7CA4B56C9AF1}"
EndProject
Project("{9A19103F-16F7-4668-BE54-9A1E7A4F7556}") = "Final", "05_Debugging\Final\Final.csproj", "{0F7467FB-D900-4469-9BF5-1EFB4E678429}"
EndProject
Project("{2150E333-8FDC-42A3-9474-1A3956D46DE8}") = "01_ChallengeProject", "01_ChallengeProject", "{071C87BC-0613-459D-B48A-5500D00FD03C}"
EndProject
Project("{9A19103F-16F7-4668-BE54-9A1E7A4F7556}") = "Starter", "01_ChallengeProject\Starter\Starter.csproj", "{88804612-893B-46FE-AE22-A9BCCA0AB741}"
EndProject
Project("{9A19103F-16F7-4668-BE54-9A1E7A4F7556}") = "Final", "01_ChallengeProject\Final\Final.csproj", "{F08A7E26-312E-4BF6-A811-7070FFC831B8}"
EndProject
Global
	GlobalSection(SolutionConfigurationPlatforms) = preSolution
		Debug|Any CPU = Debug|Any CPU
		Release|Any CPU = Release|Any CPU
	EndGlobalSection
	GlobalSection(ProjectConfigurationPlatforms) = postSolution
		{EA4865A9-7DC4-4A3B-A5F0-BEDAD31F8E76}.Debug|Any CPU.ActiveCfg = Debug|Any CPU
		{EA4865A9-7DC4-4A3B-A5F0-BEDAD31F8E76}.Debug|Any CPU.Build.0 = Debug|Any CPU
		{EA4865A9-7DC4-4A3B-A5F0-BEDAD31F8E76}.Release|Any CPU.ActiveCfg = Release|Any CPU
		{EA4865A9-7DC4-4A3B-A5F0-BEDAD31F8E76}.Release|Any CPU.Build.0 = Release|Any CPU
		{B1AF0DF1-348C-4C79-B6FC-8E760F8F0865}.Debug|Any CPU.ActiveCfg = Debug|Any CPU
		{B1AF0DF1-348C-4C79-B6FC-8E760F8F0865}.Debug|Any CPU.Build.0 = Debug|Any CPU
		{B1AF0DF1-348C-4C79-B6FC-8E760F8F0865}.Release|Any CPU.ActiveCfg = Release|Any CPU
		{B1AF0DF1-348C-4C79-B6FC-8E760F8F0865}.Release|Any CPU.Build.0 = Release|Any CPU
		{1C402E06-F76C-41B4-A07B-3FF691B32217}.Debug|Any CPU.ActiveCfg = Debug|Any CPU
		{1C402E06-F76C-41B4-A07B-3FF691B32217}.Debug|Any CPU.Build.0 = Debug|Any CPU
		{1C402E06-F76C-41B4-A07B-3FF691B32217}.Release|Any CPU.ActiveCfg = Release|Any CPU
		{1C402E06-F76C-41B4-A07B-3FF691B32217}.Release|Any CPU.Build.0 = Release|Any CPU
		{F2DC9688-A19B-4DE3-A96C-381DBE96EE88}.Debug|Any CPU.ActiveCfg = Debug|Any CPU
		{F2DC9688-A19B-4DE3-A96C-381DBE96EE88}.Debug|Any CPU.Build.0 = Debug|Any CPU
		{F2DC9688-A19B-4DE3-A96C-381DBE96EE88}.Release|Any CPU.ActiveCfg = Release|Any CPU
		{F2DC9688-A19B-4DE3-A96C-381DBE96EE88}.Release|Any CPU.Build.0 = Release|Any CPU
		{6678A03D-B15A-4C79-A569-5DD87019A1AB}.Debug|Any CPU.ActiveCfg = Debug|Any CPU
		{6678A03D-B15A-4C79-A569-5DD87019A1AB}.Debug|Any CPU.Build.0 = Debug|Any CPU
		{6678A03D-B15A-4C79-A569-5DD87019A1AB}.Release|Any CPU.ActiveCfg = Release|Any CPU
		{6678A03D-B15A-4C79-A569-5DD87019A1AB}.Release|Any CPU.Build.0 = Release|Any CPU
		{0DCA33E8-92DB-4DB9-A8D0-9B05FA861171}.Debug|Any CPU.ActiveCfg = Debug|Any CPU
		{0DCA33E8-92DB-4DB9-A8D0-9B05FA861171}.Debug|Any CPU.Build.0 = Debug|Any CPU
		{0DCA33E8-92DB-4DB9-A8D0-9B05FA861171}.Release|Any CPU.ActiveCfg = Release|Any CPU
		{0DCA33E8-92DB-4DB9-A8D0-9B05FA861171}.Release|Any CPU.Build.0 = Release|Any CPU
		{BB25C222-C853-4966-932C-40B29068EC28}.Debug|Any CPU.ActiveCfg = Debug|Any CPU
		{BB25C222-C853-4966-932C-40B29068EC28}.Debug|Any CPU.Build.0 = Debug|Any CPU
		{BB25C222-C853-4966-932C-40B29068EC28}.Release|Any CPU.ActiveCfg = Release|Any CPU
		{BB25C222-C853-4966-932C-40B29068EC28}.Release|Any CPU.Build.0 = Release|Any CPU
		{E10BF0F2-1C57-4595-B502-596D99C74F9C}.Debug|Any CPU.ActiveCfg = Debug|Any CPU
		{E10BF0F2-1C57-4595-B502-596D99C74F9C}.Debug|Any CPU.Build.0 = Debug|Any CPU
		{E10BF0F2-1C57-4595-B502-596D99C74F9C}.Release|Any CPU.ActiveCfg = Release|Any CPU
		{E10BF0F2-1C57-4595-B502-596D99C74F9C}.Release|Any CPU.Build.0 = Release|Any CPU
		{BF700FFE-D74E-46BF-A251-BCC868461C4D}.Debug|Any CPU.ActiveCfg = Debug|Any CPU
		{BF700FFE-D74E-46BF-A251-BCC868461C4D}.Debug|Any CPU.Build.0 = Debug|Any CPU
		{BF700FFE-D74E-46BF-A251-BCC868461C4D}.Release|Any CPU.ActiveCfg = Release|Any CPU
		{BF700FFE-D74E-46BF-A251-BCC868461C4D}.Release|Any CPU.Build.0 = Release|Any CPU
		{73A692AB-BFA5-4BF0-9944-4AD2E1F3468B}.Debug|Any CPU.ActiveCfg = Debug|Any CPU
		{73A692AB-BFA5-4BF0-9944-4AD2E1F3468B}.Debug|Any CPU.Build.0 = Debug|Any CPU
		{73A692AB-BFA5-4BF0-9944-4AD2E1F3468B}.Release|Any CPU.ActiveCfg = Release|Any CPU
		{73A692AB-BFA5-4BF0-9944-4AD2E1F3468B}.Release|Any CPU.Build.0 = Release|Any CPU
		{153E9C45-EC60-44E5-8ABE-9C88975F110A}.Debug|Any CPU.ActiveCfg = Debug|Any CPU
		{153E9C45-EC60-44E5-8ABE-9C88975F110A}.Debug|Any CPU.Build.0 = Debug|Any CPU
		{153E9C45-EC60-44E5-8ABE-9C88975F110A}.Release|Any CPU.ActiveCfg = Release|Any CPU
		{153E9C45-EC60-44E5-8ABE-9C88975F110A}.Release|Any CPU.Build.0 = Release|Any CPU
		{E09C9908-01AE-4680-9A52-4009CCB50D1F}.Debug|Any CPU.ActiveCfg = Debug|Any CPU
		{E09C9908-01AE-4680-9A52-4009CCB50D1F}.Debug|Any CPU.Build.0 = Debug|Any CPU
		{E09C9908-01AE-4680-9A52-4009CCB50D1F}.Release|Any CPU.ActiveCfg = Release|Any CPU
		{E09C9908-01AE-4680-9A52-4009CCB50D1F}.Release|Any CPU.Build.0 = Release|Any CPU
		{F0858605-8D27-4045-BB2E-35042487F932}.Debug|Any CPU.ActiveCfg = Debug|Any CPU
		{F0858605-8D27-4045-BB2E-35042487F932}.Debug|Any CPU.Build.0 = Debug|Any CPU
		{F0858605-8D27-4045-BB2E-35042487F932}.Release|Any CPU.ActiveCfg = Release|Any CPU
		{F0858605-8D27-4045-BB2E-35042487F932}.Release|Any CPU.Build.0 = Release|Any CPU
		{617F1E86-FED8-4704-B474-5669EB408203}.Debug|Any CPU.ActiveCfg = Debug|Any CPU
		{617F1E86-FED8-4704-B474-5669EB408203}.Debug|Any CPU.Build.0 = Debug|Any CPU
		{617F1E86-FED8-4704-B474-5669EB408203}.Release|Any CPU.ActiveCfg = Release|Any CPU
		{617F1E86-FED8-4704-B474-5669EB408203}.Release|Any CPU.Build.0 = Release|Any CPU
		{DFA6C16B-C611-405A-9168-7CA4B56C9AF1}.Debug|Any CPU.ActiveCfg = Debug|Any CPU
		{DFA6C16B-C611-405A-9168-7CA4B56C9AF1}.Debug|Any CPU.Build.0 = Debug|Any CPU
		{DFA6C16B-C611-405A-9168-7CA4B56C9AF1}.Release|Any CPU.ActiveCfg = Release|Any CPU
		{DFA6C16B-C611-405A-9168-7CA4B56C9AF1}.Release|Any CPU.Build.0 = Release|Any CPU
		{0F7467FB-D900-4469-9BF5-1EFB4E678429}.Debug|Any CPU.ActiveCfg = Debug|Any CPU
		{0F7467FB-D900-4469-9BF5-1EFB4E678429}.Debug|Any CPU.Build.0 = Debug|Any CPU
		{0F7467FB-D900-4469-9BF5-1EFB4E678429}.Release|Any CPU.ActiveCfg = Release|Any CPU
		{0F7467FB-D900-4469-9BF5-1EFB4E678429}.Release|Any CPU.Build.0 = Release|Any CPU
		{88804612-893B-46FE-AE22-A9BCCA0AB741}.Debug|Any CPU.ActiveCfg = Debug|Any CPU
		{88804612-893B-46FE-AE22-A9BCCA0AB741}.Debug|Any CPU.Build.0 = Debug|Any CPU
		{88804612-893B-46FE-AE22-A9BCCA0AB741}.Release|Any CPU.ActiveCfg = Release|Any CPU
		{88804612-893B-46FE-AE22-A9BCCA0AB741}.Release|Any CPU.Build.0 = Release|Any CPU
		{F08A7E26-312E-4BF6-A811-7070FFC831B8}.Debug|Any CPU.ActiveCfg = Debug|Any CPU
		{F08A7E26-312E-4BF6-A811-7070FFC831B8}.Debug|Any CPU.Build.0 = Debug|Any CPU
		{F08A7E26-312E-4BF6-A811-7070FFC831B8}.Release|Any CPU.ActiveCfg = Release|Any CPU
		{F08A7E26-312E-4BF6-A811-7070FFC831B8}.Release|Any CPU.Build.0 = Release|Any CPU
	EndGlobalSection
	GlobalSection(SolutionProperties) = preSolution
		HideSolutionNode = FALSE
	EndGlobalSection
	GlobalSection(NestedProjects) = preSolution
		{F2DC9688-A19B-4DE3-A96C-381DBE96EE88} = {C2F50B02-3044-49E5-9527-07915D547E85}
		{6678A03D-B15A-4C79-A569-5DD87019A1AB} = {C2F50B02-3044-49E5-9527-07915D547E85}
		{0DCA33E8-92DB-4DB9-A8D0-9B05FA861171} = {C38A1CE8-C6DB-48F6-AB5C-18E6B49D7788}
		{BB25C222-C853-4966-932C-40B29068EC28} = {C38A1CE8-C6DB-48F6-AB5C-18E6B49D7788}
		{E10BF0F2-1C57-4595-B502-596D99C74F9C} = {769203C4-17BF-41B3-B412-32E0FC787C07}
		{BF700FFE-D74E-46BF-A251-BCC868461C4D} = {769203C4-17BF-41B3-B412-32E0FC787C07}
		{73A692AB-BFA5-4BF0-9944-4AD2E1F3468B} = {B9005E14-8DAB-4889-A24F-72C5415C3E87}
		{153E9C45-EC60-44E5-8ABE-9C88975F110A} = {B9005E14-8DAB-4889-A24F-72C5415C3E87}
		{E09C9908-01AE-4680-9A52-4009CCB50D1F} = {FF70FA9F-422C-47E5-9540-48AE6966F3C3}
		{F0858605-8D27-4045-BB2E-35042487F932} = {BDF96857-C95A-4A93-914A-C64539E7ACA9}
		{617F1E86-FED8-4704-B474-5669EB408203} = {BDF96857-C95A-4A93-914A-C64539E7ACA9}
		{DFA6C16B-C611-405A-9168-7CA4B56C9AF1} = {EE890FAA-2195-484F-AEF8-B20DC3884BF3}
		{0F7467FB-D900-4469-9BF5-1EFB4E678429} = {EE890FAA-2195-484F-AEF8-B20DC3884BF3}
		{88804612-893B-46FE-AE22-A9BCCA0AB741} = {071C87BC-0613-459D-B48A-5500D00FD03C}
		{F08A7E26-312E-4BF6-A811-7070FFC831B8} = {071C87BC-0613-459D-B48A-5500D00FD03C}
	EndGlobalSection
	GlobalSection(ExtensibilityGlobals) = postSolution
		SolutionGuid = {77BA3A14-F602-4BC0-9717-FF146C88CEAC}
	EndGlobalSection
EndGlobal
